{
  "object": {
    "pins": [
      {
        "package": "SwiftUIReplicator",
        "repositoryURL": "https://github.com/kazuhiro4949/SwiftUIReplicator.git",
        "state": {
          "branch": null,
          "revision": "b27f5897de30e790374edfaaba872bea35ea9003",
          "version": "1.0.2"
        }
      },
      {
        "package": "ZIPFoundation",
        "repositoryURL": "https://github.com/weichsel/ZIPFoundation.git",
        "state": {
          "branch": null,
          "revision": "edbeaa39b426e54702194b0a601342322f01e400",
          "version": "0.9.9"
        }
      }
    ]
  },
  "version": 1
}
